{
    "name": "mocha-ts-test",
    "version": "1.0.0",
    "lockfileVersion": 1,
    "requires": true,
    "dependencies": {
        "arrify": {
            "version": "1.0.1",
            "resolved": "https://registry.npmjs.org/arrify/-/arrify-1.0.1.tgz",
            "integrity": "sha1-iYUI2iIm84DfkEcoRWhJwVAaSw0="
        },
        "assertion-error": {
            "version": "1.1.0",
            "resolved": "https://registry.npmjs.org/assertion-error/-/assertion-error-1.1.0.tgz",
            "integrity": "sha512-jgsaNduz+ndvGyFt3uSuWqvy4lCnIJiovtouQN5JZHOKCS2QuhEdbcQHFhVksz2N2U9hXJo8odG7ETyWlEeuDw==",
            "dev": true
        },
        "buffer-from": {
            "version": "1.1.1",
            "resolved": "https://registry.npmjs.org/buffer-from/-/buffer-from-1.1.1.tgz",
            "integrity": "sha512-MQcXEUbCKtEo7bhqEs6560Hyd4XaovZlO/k9V3hjVUF/zwW7KBVdSK4gIt/bzwS9MbR5qob+F5jusZsb0YQK2A=="
        },
        "chai": {
            "version": "3.5.0",
            "resolved": "https://registry.npmjs.org/chai/-/chai-3.5.0.tgz",
            "integrity": "sha1-TQJjewZ/6Vi9v906QOxW/vc3Mkc=",
            "dev": true,
            "requires": {
                "assertion-error": "^1.0.1",
                "deep-eql": "^0.1.3",
                "type-detect": "^1.0.0"
            }
        },
        "deep-eql": {
            "version": "0.1.3",
            "resolved": "https://registry.npmjs.org/deep-eql/-/deep-eql-0.1.3.tgz",
            "integrity": "sha1-71WKyrjeJSBs1xOQbXTlaTDrafI=",
            "dev": true,
            "requires": {
                "type-detect": "0.1.1"
            },
            "dependencies": {
                "type-detect": {
                    "version": "0.1.1",
                    "resolved": "https://registry.npmjs.org/type-detect/-/type-detect-0.1.1.tgz",
                    "integrity": "sha1-C6XsKohWQORw6k6FBZcZANrFiCI=",
                    "dev": true
                }
            }
        },
        "diff": {
            "version": "3.5.0",
            "resolved": "https://registry.npmjs.org/diff/-/diff-3.5.0.tgz",
            "integrity": "sha512-A46qtFgd+g7pDZinpnwiRJtxbC1hpgf0uzP3iG89scHk0AUC7A1TGxf5OiiOUv/JMZR8GOt8hL900hV0bOy5xA=="
        },
        "formatio": {
            "version": "1.1.1",
            "resolved": "https://registry.npmjs.org/formatio/-/formatio-1.1.1.tgz",
            "integrity": "sha1-XtPM1jZVEJc4NGXZlhmRAOhhYek=",
            "dev": true,
            "requires": {
                "samsam": "~1.1"
            }
        },
        "inherits": {
            "version": "2.0.3",
            "resolved": "https://registry.npmjs.org/inherits/-/inherits-2.0.3.tgz",
            "integrity": "sha1-Yzwsg+PaQqUC9SRmAiSA9CCCYd4=",
            "dev": true
        },
        "lolex": {
            "version": "1.3.2",
            "resolved": "https://registry.npmjs.org/lolex/-/lolex-1.3.2.tgz",
            "integrity": "sha1-fD2mL/yzDw9agKJWbKJORdigHzE=",
            "dev": true
        },
        "make-error": {
            "version": "1.3.4",
            "resolved": "https://registry.npmjs.org/make-error/-/make-error-1.3.4.tgz",
            "integrity": "sha512-0Dab5btKVPhibSalc9QGXb559ED7G7iLjFXBaj9Wq8O3vorueR5K5jaE3hkG6ZQINyhA/JgG6Qk4qdFQjsYV6g=="
        },
        "minimist": {
            "version": "1.2.0",
            "resolved": "https://registry.npmjs.org/minimist/-/minimist-1.2.0.tgz",
            "integrity": "sha1-o1AIsg9BOD7sH7kU9M1d95omQoQ="
        },
        "mkdirp": {
            "version": "0.5.1",
            "resolved": "http://registry.npmjs.org/mkdirp/-/mkdirp-0.5.1.tgz",
            "integrity": "sha1-MAV0OOrGz3+MR2fzhkjWaX11yQM=",
            "requires": {
                "minimist": "0.0.8"
            },
            "dependencies": {
                "minimist": {
                    "version": "0.0.8",
                    "resolved": "https://registry.npmjs.org/minimist/-/minimist-0.0.8.tgz",
                    "integrity": "sha1-hX/Kv8M5fSYluCKCYuhqp6ARsF0="
                }
            }
        },
        "samsam": {
            "version": "1.1.2",
            "resolved": "https://registry.npmjs.org/samsam/-/samsam-1.1.2.tgz",
            "integrity": "sha1-vsEf3IOp/aBjQBIQ5AF2wwJNFWc=",
            "dev": true
        },
        "sinon": {
            "version": "1.17.7",
            "resolved": "https://registry.npmjs.org/sinon/-/sinon-1.17.7.tgz",
            "integrity": "sha1-RUKk9JugxFwF6y6d2dID4rjv4L8=",
            "dev": true,
            "requires": {
                "formatio": "1.1.1",
                "lolex": "1.3.2",
                "samsam": "1.1.2",
                "util": ">=0.10.3 <1"
            }
        },
        "source-map": {
            "version": "0.6.1",
            "resolved": "https://registry.npmjs.org/source-map/-/source-map-0.6.1.tgz",
            "integrity": "sha512-UjgapumWlbMhkBgzT7Ykc5YXUT46F0iKu8SGXq0bcwP5dz/h0Plj6enJqjz1Zbq2l5WaqYnrVbwWOWMyF3F47g=="
        },
        "source-map-support": {
            "version": "0.5.9",
            "resolved": "https://registry.npmjs.org/source-map-support/-/source-map-support-0.5.9.tgz",
            "integrity": "sha512-gR6Rw4MvUlYy83vP0vxoVNzM6t8MUXqNuRsuBmBHQDu1Fh6X015FrLdgoDKcNdkwGubozq0P4N0Q37UyFVr1EA==",
            "requires": {
                "buffer-from": "^1.0.0",
                "source-map": "^0.6.0"
            }
        },
        "ts-node": {
            "version": "7.0.1",
            "resolved": "https://registry.npmjs.org/ts-node/-/ts-node-7.0.1.tgz",
            "integrity": "sha512-BVwVbPJRspzNh2yfslyT1PSbl5uIk03EZlb493RKHN4qej/D06n1cEhjlOJG69oFsE7OT8XjpTUcYf6pKTLMhw==",
            "requires": {
                "arrify": "^1.0.0",
                "buffer-from": "^1.1.0",
                "diff": "^3.1.0",
                "make-error": "^1.1.1",
                "minimist": "^1.2.0",
                "mkdirp": "^0.5.1",
                "source-map-support": "^0.5.6",
                "yn": "^2.0.0"
            }
        },
        "type-detect": {
            "version": "1.0.0",
            "resolved": "https://registry.npmjs.org/type-detect/-/type-detect-1.0.0.tgz",
            "integrity": "sha1-diIXzAbbJY7EiQihKY6LlRIejqI=",
            "dev": true
        },
        "typescript": {
            "version": "2.9.2",
            "resolved": "https://registry.npmjs.org/typescript/-/typescript-2.9.2.tgz",
            "integrity": "sha512-Gr4p6nFNaoufRIY4NMdpQRNmgxVIGMs4Fcu/ujdYk3nAZqk7supzBE9idmvfZIlH/Cuj//dvi+019qEue9lV0w=="
        },
        "util": {
            "version": "0.11.0",
            "resolved": "https://registry.npmjs.org/util/-/util-0.11.0.tgz",
            "integrity": "sha512-5n12uMzKCjvB2HPFHnbQSjaqAa98L5iIXmHrZCLavuZVe0qe/SJGbDGWlpaHk5lnBkWRDO+dRu1/PgmUYKPPTw==",
            "dev": true,
            "requires": {
                "inherits": "2.0.3"
            }
        },
        "yn": {
            "version": "2.0.0",
            "resolved": "https://registry.npmjs.org/yn/-/yn-2.0.0.tgz",
            "integrity": "sha1-5a2ryKz0CPY4X8dklWhMiOavaJo="
        }
    }
}
